# THIS IS AN AUTOGENERATED FILE. DO NOT EDIT THIS FILE DIRECTLY.
# yarn lockfile v1


"@zip.js/zip.js@2.7.72":
  version "2.7.72"
  resolved "https://registry.yarnpkg.com/@zip.js/zip.js/-/zip.js-2.7.72.tgz#2c53887c2a3b79e9d9f1c63f048bc0cf485703c3"
  integrity sha512-3/A4JwrgkvGBlCxtItjxs8HrNbuTAAl/zlGkV6tC5Fb5k5nk4x2Dqxwl/YnUys5Ch+QB01eJ8Q5K/J2uXfy9Vw==
