# THIS IS AN AUTOGENERATED FILE. DO NOT EDIT THIS FILE DIRECTLY.
# yarn lockfile v1


"@napi-rs/canvas-android-arm64@0.1.95":
  version "0.1.95"
  resolved "https://registry.yarnpkg.com/@napi-rs/canvas-android-arm64/-/canvas-android-arm64-0.1.95.tgz#fbac7785156f1a672cee37b0dd31092e036b32c9"
  integrity sha512-SqTh0wsYbetckMXEvHqmR7HKRJujVf1sYv1xdlhkifg6TlCSysz1opa49LlS3+xWuazcQcfRfmhA07HxxxGsAA==

"@napi-rs/canvas-darwin-arm64@0.1.95":
  version "0.1.95"
  resolved "https://registry.yarnpkg.com/@napi-rs/canvas-darwin-arm64/-/canvas-darwin-arm64-0.1.95.tgz#8868782187ea9e448d929527a368d0f16f819761"
  integrity sha512-F7jT0Syu+B9DGBUBcMk3qCRIxAWiDXmvEjamwbYfbZl7asI1pmXZUnCOoIu49Wt0RNooToYfRDxU9omD6t5Xuw==

"@napi-rs/canvas-darwin-x64@0.1.95":
  version "0.1.95"
  resolved "https://registry.yarnpkg.com/@napi-rs/canvas-darwin-x64/-/canvas-darwin-x64-0.1.95.tgz#7145b447e098972155cb86aa2b052e63d8e964a2"
  integrity sha512-54eb2Ho15RDjYGXO/harjRznBrAvu+j5nQ85Z4Qd6Qg3slR8/Ja+Yvvy9G4yo7rdX6NR9GPkZeSTf2UcKXwaXw==

"@napi-rs/canvas-linux-arm-gnueabihf@0.1.95":
  version "0.1.95"
  resolved "https://registry.yarnpkg.com/@napi-rs/canvas-linux-arm-gnueabihf/-/canvas-linux-arm-gnueabihf-0.1.95.tgz#e8c6b9573e96aad112ae01e7db6b5630b995d684"
  integrity sha512-hYaLCSLx5bmbnclzQc3ado3PgZ66blJWzjXp0wJmdwpr/kH+Mwhj6vuytJIomgksyJoCdIqIa4N6aiqBGJtJ5Q==

"@napi-rs/canvas-linux-arm64-gnu@0.1.95":
  version "0.1.95"
  resolved "https://registry.yarnpkg.com/@napi-rs/canvas-linux-arm64-gnu/-/canvas-linux-arm64-gnu-0.1.95.tgz#80c5131d160686053b9f8fc2d3e8691f2e405b51"
  integrity sha512-J7VipONahKsmScPZsipHVQBqpbZx4favaD8/enWzzlGcjiwycOoymL7f4tNeqdjK0su19bDOUt6mjp9gsPWYlw==

"@napi-rs/canvas-linux-arm64-musl@0.1.95":
  version "0.1.95"
  resolved "https://registry.yarnpkg.com/@napi-rs/canvas-linux-arm64-musl/-/canvas-linux-arm64-musl-0.1.95.tgz#7fdcd016b53e2ac06ae831da00cc559657fa3f45"
  integrity sha512-PXy0UT1J/8MPG8UAkWp6Fd51ZtIZINFzIjGH909JjQrtCuJf3X6nanHYdz1A+Wq9o4aoPAw1YEUpFS1lelsVlg==

"@napi-rs/canvas-linux-riscv64-gnu@0.1.95":
  version "0.1.95"
  resolved "https://registry.yarnpkg.com/@napi-rs/canvas-linux-riscv64-gnu/-/canvas-linux-riscv64-gnu-0.1.95.tgz#a3249936fbb4f0bc1d293303a71a66eb66e3d40a"
  integrity sha512-2IzCkW2RHRdcgF9W5/plHvYFpc6uikyjMb5SxjqmNxfyDFz9/HB89yhi8YQo0SNqrGRI7yBVDec7Pt+uMyRWsg==

"@napi-rs/canvas-linux-x64-gnu@0.1.95":
  version "0.1.95"
  resolved "https://registry.yarnpkg.com/@napi-rs/canvas-linux-x64-gnu/-/canvas-linux-x64-gnu-0.1.95.tgz#adfcbc19943513cb51c40ba2bad8d9ec48fda729"
  integrity sha512-OV/ol/OtcUr4qDhQg8G7SdViZX8XyQeKpPsVv/j3+7U178FGoU4M+yIocdVo1ih/A8GQ63+LjF4jDoEjaVU8Pw==

"@napi-rs/canvas-linux-x64-musl@0.1.95":
  version "0.1.95"
  resolved "https://registry.yarnpkg.com/@napi-rs/canvas-linux-x64-musl/-/canvas-linux-x64-musl-0.1.95.tgz#ac14937808b5aa904f1b4c8e49ffb6bf54c14835"
  integrity sha512-Z5KzqBK/XzPz5+SFHKz7yKqClEQ8pOiEDdgk5SlphBLVNb8JFIJkxhtJKSvnJyHh2rjVgiFmvtJzMF0gNwwKyQ==

"@napi-rs/canvas-win32-arm64-msvc@0.1.95":
  version "0.1.95"
  resolved "https://registry.yarnpkg.com/@napi-rs/canvas-win32-arm64-msvc/-/canvas-win32-arm64-msvc-0.1.95.tgz#8aa331b94687734325787f4193ea896228e14818"
  integrity sha512-aj0YbRpe8qVJ4OzMsK7NfNQePgcf9zkGFzNZ9mSuaxXzhpLHmlF2GivNdCdNOg8WzA/NxV6IU4c5XkXadUMLeA==

"@napi-rs/canvas-win32-x64-msvc@0.1.95":
  version "0.1.95"
  resolved "https://registry.yarnpkg.com/@napi-rs/canvas-win32-x64-msvc/-/canvas-win32-x64-msvc-0.1.95.tgz#178d5212c86c4ca10f17f2bfe48fc057e939db85"
  integrity sha512-GA8leTTCfdjuHi8reICTIxU0081PhXvl3lzIniLUjeLACx9GubUiyzkwFb+oyeKLS5IAGZFLKnzAf4wm2epRlA==

"@napi-rs/canvas@^0.1.67":
  version "0.1.95"
  resolved "https://registry.yarnpkg.com/@napi-rs/canvas/-/canvas-0.1.95.tgz#f56af85b78b00eeee131b79de40d8afa0705acdb"
  integrity sha512-lkg23ge+rgyhgUwXmlbkPEhuhHq/hUi/gXKH+4I7vO+lJrbNfEYcQdJLIGjKyXLQzgFiiyDAwh5vAe/tITAE+w==
  optionalDependencies:
    "@napi-rs/canvas-android-arm64" "0.1.95"
    "@napi-rs/canvas-darwin-arm64" "0.1.95"
    "@napi-rs/canvas-darwin-x64" "0.1.95"
    "@napi-rs/canvas-linux-arm-gnueabihf" "0.1.95"
    "@napi-rs/canvas-linux-arm64-gnu" "0.1.95"
    "@napi-rs/canvas-linux-arm64-musl" "0.1.95"
    "@napi-rs/canvas-linux-riscv64-gnu" "0.1.95"
    "@napi-rs/canvas-linux-x64-gnu" "0.1.95"
    "@napi-rs/canvas-linux-x64-musl" "0.1.95"
    "@napi-rs/canvas-win32-arm64-msvc" "0.1.95"
    "@napi-rs/canvas-win32-x64-msvc" "0.1.95"

"@zip.js/zip.js@2.7.72":
  version "2.7.72"
  resolved "https://registry.yarnpkg.com/@zip.js/zip.js/-/zip.js-2.7.72.tgz#2c53887c2a3b79e9d9f1c63f048bc0cf485703c3"
  integrity sha512-3/A4JwrgkvGBlCxtItjxs8HrNbuTAAl/zlGkV6tC5Fb5k5nk4x2Dqxwl/YnUys5Ch+QB01eJ8Q5K/J2uXfy9Vw==

pdfjs-dist@5.3.31:
  version "5.3.31"
  resolved "https://registry.yarnpkg.com/pdfjs-dist/-/pdfjs-dist-5.3.31.tgz#0c429f3bc43c57ec1a95fa2874f2f93189d2d40e"
  integrity sha512-EhPdIjNX0fcdwYQO+e3BAAJPXt+XI29TZWC7COhIXs/K0JHcUt1Gdz1ITpebTwVMFiLsukdUZ3u0oTO7jij+VA==
  optionalDependencies:
    "@napi-rs/canvas" "^0.1.67"
